
Microsoft Visual Studio Solution File, Format Version 12.00
# Visual Studio 14
VisualStudioVersion = 14.0.25123.0
MinimumVisualStudioVersion = 10.0.40219.1
Project("{FAE04EC0-301F-11D3-BF4B-00C04F79EFBC}") = "ScreenshotViewer", "ScreenshotViewer.csproj", "{D75E1A21-B4C9-417A-8A76-B0400332D514}"
EndProject
Global
	GlobalSection(SolutionConfigurationPlatforms) = preSolution
		Debug|Any CPU = Debug|Any CPU
		Release|Any CPU = Release|Any CPU
	EndGlobalSection
	GlobalSection(ProjectConfigurationPlatforms) = postSolution
		{D75E1A21-B4C9-417A-8A76-B0400332D514}.Debug|Any CPU.ActiveCfg = Debug|Any CPU
		{D75E1A21-B4C9-417A-8A76-B0400332D514}.Debug|Any CPU.Build.0 = Debug|Any CPU
		{D75E1A21-B4C9-417A-8A76-B0400332D514}.Release|Any CPU.ActiveCfg = Release|Any CPU
		{D75E1A21-B4C9-417A-8A76-B0400332D514}.Release|Any CPU.Build.0 = Release|Any CPU
	EndGlobalSection
	GlobalSection(SolutionProperties) = preSolution
		HideSolutionNode = FALSE
	EndGlobalSection
EndGlobal
